
Microsoft Visual Studio Solution File, Format Version 10.00
# Visual Studio 2008
Project("{FAE04EC0-301F-11D3-BF4B-00C04F79EFBC}") = "DeveloperAppADO", "DeveloperAppADO\DeveloperAppADO.csproj", "{683DB24A-4D3A-47A0-8EB9-9AAADEFDEC31}"
EndProject
Global
	GlobalSection(SolutionConfigurationPlatforms) = preSolution
		Debug|Any CPU = Debug|Any CPU
		Release|Any CPU = Release|Any CPU
	EndGlobalSection
	GlobalSection(ProjectConfigurationPlatforms) = postSolution
		{683DB24A-4D3A-47A0-8EB9-9AAADEFDEC31}.Debug|Any CPU.ActiveCfg = Debug|Any CPU
		{683DB24A-4D3A-47A0-8EB9-9AAADEFDEC31}.Debug|Any CPU.Build.0 = Debug|Any CPU
		{683DB24A-4D3A-47A0-8EB9-9AAADEFDEC31}.Release|Any CPU.ActiveCfg = Release|Any CPU
		{683DB24A-4D3A-47A0-8EB9-9AAADEFDEC31}.Release|Any CPU.Build.0 = Release|Any CPU
	EndGlobalSection
	GlobalSection(SolutionProperties) = preSolution
		HideSolutionNode = FALSE
	EndGlobalSection
EndGlobal
