
Microsoft Visual Studio Solution File, Format Version 10.00
# Visual Studio 2008
Project("{FAE04EC0-301F-11D3-BF4B-00C04F79EFBC}") = "DeveloperAppADO2", "DeveloperAppADO2\DeveloperAppADO2.csproj", "{CC184AA8-40CC-4306-9A27-9B7D8A2B1FA9}"
EndProject
Global
	GlobalSection(SolutionConfigurationPlatforms) = preSolution
		Debug|Any CPU = Debug|Any CPU
		Release|Any CPU = Release|Any CPU
	EndGlobalSection
	GlobalSection(ProjectConfigurationPlatforms) = postSolution
		{CC184AA8-40CC-4306-9A27-9B7D8A2B1FA9}.Debug|Any CPU.ActiveCfg = Debug|Any CPU
		{CC184AA8-40CC-4306-9A27-9B7D8A2B1FA9}.Debug|Any CPU.Build.0 = Debug|Any CPU
		{CC184AA8-40CC-4306-9A27-9B7D8A2B1FA9}.Release|Any CPU.ActiveCfg = Release|Any CPU
		{CC184AA8-40CC-4306-9A27-9B7D8A2B1FA9}.Release|Any CPU.Build.0 = Release|Any CPU
	EndGlobalSection
	GlobalSection(SolutionProperties) = preSolution
		HideSolutionNode = FALSE
	EndGlobalSection
EndGlobal
